// !$*UTF8*$!
{
	archiveVersion = 1;
	classes = {
	};
	objectVersion = 77;
	objects = {

/* Begin PBXBuildFile section */
		184E9D2C2E5C474C003B03D3 /* UICollectionViewControllerCash.xcdatamodeld in Sources */ = {isa = PBXBuildFile; fileRef = 184E9D2A2E5C474C003B03D3 /* UICollectionViewControllerCash.xcdatamodeld */; };
		184E9D2E2E5C474C003B03D3 /* ContentView.swift in Sources */ = {isa = PBXBuildFile; fileRef = 184E9D2D2E5C474C003B03D3 /* ContentView.swift */; };
/* End PBXBuildFile section */

/* Begin PBXContainerItemProxy section */
		184E9D3A2E5C474E003B03D3 /* PBXContainerItemProxy */ = {
			isa = PBXContainerItemProxy;
			containerPortal = 184E9D1B2E5C474C003B03D3 /* Project object */;
			proxyType = 1;
			remoteGlobalIDString = 184E9D222E5C474C003B03D3;
			remoteInfo = UICollectionViewControllerCash;
		};
		184E9D442E5C474E003B03D3 /* PBXContainerItemProxy */ = {
			isa = PBXContainerItemProxy;
			containerPortal = 184E9D1B2E5C474C003B03D3 /* Project object */;
			proxyType = 1;
			remoteGlobalIDString = 184E9D222E5C474C003B03D3;
			remoteInfo = UICollectionViewControllerCash;
		};
/* End PBXContainerItemProxy section */

/* Begin PBXFileReference section */
		184E9D232E5C474C003B03D3 /* UICollectionViewControllerCash.app */ = {isa = PBXFileReference; explicitFileType = wrapper.application; includeInIndex = 0; path = UICollectionViewControllerCash.app; sourceTree = BUILT_PRODUCTS_DIR; };
		184E9D2B2E5C474C003B03D3 /* UICollectionViewControllerCash.xcdatamodel */ = {isa = PBXFileReference; lastKnownFileType = wrapper.xcdatamodel; path = UICollectionViewControllerCash.xcdatamodel; sourceTree = "<group>"; };
		184E9D2D2E5C474C003B03D3 /* ContentView.swift */ = {isa = PBXFileReference; lastKnownFileType = sourcecode.swift; path = ContentView.swift; sourceTree = "<group>"; };
		184E9D392E5C474E003B03D3 /* UICollectionViewControllerCashTests.xctest */ = {isa = PBXFileReference; explicitFileType = wrapper.cfbundle; includeInIndex = 0; path = UICollectionViewControllerCashTests.xctest; sourceTree = BUILT_PRODUCTS_DIR; };
		184E9D432E5C474E003B03D3 /* UICollectionViewControllerCashUITests.xctest */ = {isa = PBXFileReference; explicitFileType = wrapper.cfbundle; includeInIndex = 0; path = UICollectionViewControllerCashUITests.xctest; sourceTree = BUILT_PRODUCTS_DIR; };
/* End PBXFileReference section */

/* Begin PBXFileSystemSynchronizedRootGroup section */
		184E9D252E5C474C003B03D3 /* UICollectionViewControllerCash */ = {
			isa = PBXFileSystemSynchronizedRootGroup;
			path = UICollectionViewControllerCash;
			sourceTree = "<group>";
		};
		184E9D3C2E5C474E003B03D3 /* UICollectionViewControllerCashTests */ = {
			isa = PBXFileSystemSynchronizedRootGroup;
			path = UICollectionViewControllerCashTests;
			sourceTree = "<group>";
		};
		184E9D462E5C474E003B03D3 /* UICollectionViewControllerCashUITests */ = {
			isa = PBXFileSystemSynchronizedRootGroup;
			path = UICollectionViewControllerCashUITests;
			sourceTree = "<group>";
		};
/* End PBXFileSystemSynchronizedRootGroup section */

/* Begin PBXFrameworksBuildPhase section */
		184E9D202E5C474C003B03D3 /* Frameworks */ = {
			isa = PBXFrameworksBuildPhase;
			buildActionMask = 2147483647;
			files = (
			);
			runOnlyForDeploymentPostprocessing = 0;
		};
		184E9D362E5C474E003B03D3 /* Frameworks */ = {
			isa = PBXFrameworksBuildPhase;
			buildActionMask = 2147483647;
			files = (
			);
			runOnlyForDeploymentPostprocessing = 0;
		};
		184E9D402E5C474E003B03D3 /* Frameworks */ = {
			isa = PBXFrameworksBuildPhase;
			buildActionMask = 2147483647;
			files = (
			);
			runOnlyForDeploymentPostprocessing = 0;
		};
/* End PBXFrameworksBuildPhase section */

/* Begin PBXGroup section */
		184E9D1A2E5C474C003B03D3 = {
			isa = PBXGroup;
			children = (
				184E9D252E5C474C003B03D3 /* UICollectionViewControllerCash */,
				184E9D3C2E5C474E003B03D3 /* UICollectionViewControllerCashTests */,
				184E9D462E5C474E003B03D3 /* UICollectionViewControllerCashUITests */,
				184E9D2D2E5C474C003B03D3 /* ContentView.swift */,
				184E9D2A2E5C474C003B03D3 /* UICollectionViewControllerCash.xcdatamodeld */,
				184E9D242E5C474C003B03D3 /* Products */,
			);
			sourceTree = "<group>";
		};
		184E9D242E5C474C003B03D3 /* Products */ = {
			isa = PBXGroup;
			children = (
				184E9D232E5C474C003B03D3 /* UICollectionViewControllerCash.app */,
				184E9D392E5C474E003B03D3 /* UICollectionViewControllerCashTests.xctest */,
				184E9D432E5C474E003B03D3 /* UICollectionViewControllerCashUITests.xctest */,
			);
			name = Products;
			sourceTree = "<group>";
		};
/* End PBXGroup section */

/* Begin PBXNativeTarget section */
		184E9D222E5C474C003B03D3 /* UICollectionViewControllerCash */ = {
			isa = PBXNativeTarget;
			buildConfigurationList = 184E9D4D2E5C474E003B03D3 /* Build configuration list for PBXNativeTarget "UICollectionViewControllerCash" */;
			buildPhases = (
				184E9D1F2E5C474C003B03D3 /* Sources */,
				184E9D202E5C474C003B03D3 /* Frameworks */,
				184E9D212E5C474C003B03D3 /* Resources */,
			);
			buildRules = (
			);
			dependencies = (
			);
			fileSystemSynchronizedGroups = (
				184E9D252E5C474C003B03D3 /* UICollectionViewControllerCash */,
			);
			name = UICollectionViewControllerCash;
			packageProductDependencies = (
			);
			productName = UICollectionViewControllerCash;
			productReference = 184E9D232E5C474C003B03D3 /* UICollectionViewControllerCash.app */;
			productType = "com.apple.product-type.application";
		};
		184E9D382E5C474E003B03D3 /* UICollectionViewControllerCashTests */ = {
			isa = PBXNativeTarget;
			buildConfigurationList = 184E9D502E5C474E003B03D3 /* Build configuration list for PBXNativeTarget "UICollectionViewControllerCashTests" */;
			buildPhases = (
				184E9D352E5C474E003B03D3 /* Sources */,
				184E9D362E5C474E003B03D3 /* Frameworks */,
				184E9D372E5C474E003B03D3 /* Resources */,
			);
			buildRules = (
			);
			dependencies = (
				184E9D3B2E5C474E003B03D3 /* PBXTargetDependency */,
			);
			fileSystemSynchronizedGroups = (
				184E9D3C2E5C474E003B03D3 /* UICollectionViewControllerCashTests */,
			);
			name = UICollectionViewControllerCashTests;
			packageProductDependencies = (
			);
			productName = UICollectionViewControllerCashTests;
			productReference = 184E9D392E5C474E003B03D3 /* UICollectionViewControllerCashTests.xctest */;
			productType = "com.apple.product-type.bundle.unit-test";
		};
		184E9D422E5C474E003B03D3 /* UICollectionViewControllerCashUITests */ = {
			isa = PBXNativeTarget;
			buildConfigurationList = 184E9D532E5C474E003B03D3 /* Build configuration list for PBXNativeTarget "UICollectionViewControllerCashUITests" */;
			buildPhases = (
				184E9D3F2E5C474E003B03D3 /* Sources */,
				184E9D402E5C474E003B03D3 /* Frameworks */,
				184E9D412E5C474E003B03D3 /* Resources */,
			);
			buildRules = (
			);
			dependencies = (
				184E9D452E5C474E003B03D3 /* PBXTargetDependency */,
			);
			fileSystemSynchronizedGroups = (
				184E9D462E5C474E003B03D3 /* UICollectionViewControllerCashUITests */,
			);
			name = UICollectionViewControllerCashUITests;
			packageProductDependencies = (
			);
			productName = UICollectionViewControllerCashUITests;
			productReference = 184E9D432E5C474E003B03D3 /* UICollectionViewControllerCashUITests.xctest */;
			productType = "com.apple.product-type.bundle.ui-testing";
		};
/* End PBXNativeTarget section */

/* Begin PBXProject section */
		184E9D1B2E5C474C003B03D3 /* Project object */ = {
			isa = PBXProject;
			attributes = {
				BuildIndependentTargetsInParallel = 1;
				LastSwiftUpdateCheck = 1620;
				LastUpgradeCheck = 1620;
				TargetAttributes = {
					184E9D222E5C474C003B03D3 = {
						CreatedOnToolsVersion = 16.2;
					};
					184E9D382E5C474E003B03D3 = {
						CreatedOnToolsVersion = 16.2;
						TestTargetID = 184E9D222E5C474C003B03D3;
					};
					184E9D422E5C474E003B03D3 = {
						CreatedOnToolsVersion = 16.2;
						TestTargetID = 184E9D222E5C474C003B03D3;
					};
				};
			};
			buildConfigurationList = 184E9D1E2E5C474C003B03D3 /* Build configuration list for PBXProject "UICollectionViewControllerCash" */;
			developmentRegion = en;
			hasScannedForEncodings = 0;
			knownRegions = (
				en,
				Base,
			);
			mainGroup = 184E9D1A2E5C474C003B03D3;
			minimizedProjectReferenceProxies = 1;
			preferredProjectObjectVersion = 77;
			productRefGroup = 184E9D242E5C474C003B03D3 /* Products */;
			projectDirPath = "";
			projectRoot = "";
			targets = (
				184E9D222E5C474C003B03D3 /* UICollectionViewControllerCash */,
				184E9D382E5C474E003B03D3 /* UICollectionViewControllerCashTests */,
				184E9D422E5C474E003B03D3 /* UICollectionViewControllerCashUITests */,
			);
		};
/* End PBXProject section */

/* Begin PBXResourcesBuildPhase section */
		184E9D212E5C474C003B03D3 /* Resources */ = {
			isa = PBXResourcesBuildPhase;
			buildActionMask = 2147483647;
			files = (
			);
			runOnlyForDeploymentPostprocessing = 0;
		};
		184E9D372E5C474E003B03D3 /* Resources */ = {
			isa = PBXResourcesBuildPhase;
			buildActionMask = 2147483647;
			files = (
			);
			runOnlyForDeploymentPostprocessing = 0;
		};
		184E9D412E5C474E003B03D3 /* Resources */ = {
			isa = PBXResourcesBuildPhase;
			buildActionMask = 2147483647;
			files = (
			);
			runOnlyForDeploymentPostprocessing = 0;
		};
/* End PBXResourcesBuildPhase section */

/* Begin PBXSourcesBuildPhase section */
		184E9D1F2E5C474C003B03D3 /* Sources */ = {
			isa = PBXSourcesBuildPhase;
			buildActionMask = 2147483647;
			files = (
				184E9D2C2E5C474C003B03D3 /* UICollectionViewControllerCash.xcdatamodeld in Sources */,
				184E9D2E2E5C474C003B03D3 /* ContentView.swift in Sources */,
			);
			runOnlyForDeploymentPostprocessing = 0;
		};
		184E9D352E5C474E003B03D3 /* Sources */ = {
			isa = PBXSourcesBuildPhase;
			buildActionMask = 2147483647;
			files = (
			);
			runOnlyForDeploymentPostprocessing = 0;
		};
		184E9D3F2E5C474E003B03D3 /* Sources */ = {
			isa = PBXSourcesBuildPhase;
			buildActionMask = 2147483647;
			files = (
			);
			runOnlyForDeploymentPostprocessing = 0;
		};
/* End PBXSourcesBuildPhase section */

/* Begin PBXTargetDependency section */
		184E9D3B2E5C474E003B03D3 /* PBXTargetDependency */ = {
			isa = PBXTargetDependency;
			target = 184E9D222E5C474C003B03D3 /* UICollectionViewControllerCash */;
			targetProxy = 184E9D3A2E5C474E003B03D3 /* PBXContainerItemProxy */;
		};
		184E9D452E5C474E003B03D3 /* PBXTargetDependency */ = {
			isa = PBXTargetDependency;
			target = 184E9D222E5C474C003B03D3 /* UICollectionViewControllerCash */;
			targetProxy = 184E9D442E5C474E003B03D3 /* PBXContainerItemProxy */;
		};
/* End PBXTargetDependency section */

/* Begin XCBuildConfiguration section */
		184E9D4B2E5C474E003B03D3 /* Debug */ = {
			isa = XCBuildConfiguration;
			buildSettings = {
				ALWAYS_SEARCH_USER_PATHS = NO;
				ASSETCATALOG_COMPILER_GENERATE_SWIFT_ASSET_SYMBOL_EXTENSIONS = YES;
				CLANG_ANALYZER_NONNULL = YES;
				CLANG_ANALYZER_NUMBER_OBJECT_CONVERSION = YES_AGGRESSIVE;
				CLANG_CXX_LANGUAGE_STANDARD = "gnu++20";
				CLANG_ENABLE_MODULES = YES;
				CLANG_ENABLE_OBJC_ARC = YES;
				CLANG_ENABLE_OBJC_WEAK = YES;
				CLANG_WARN_BLOCK_CAPTURE_AUTORELEASING = YES;
				CLANG_WARN_BOOL_CONVERSION = YES;
				CLANG_WARN_COMMA = YES;
				CLANG_WARN_CONSTANT_CONVERSION = YES;
				CLANG_WARN_DEPRECATED_OBJC_IMPLEMENTATIONS = YES;
				CLANG_WARN_DIRECT_OBJC_ISA_USAGE = YES_ERROR;
				CLANG_WARN_DOCUMENTATION_COMMENTS = YES;
				CLANG_WARN_EMPTY_BODY = YES;
				CLANG_WARN_ENUM_CONVERSION = YES;
				CLANG_WARN_INFINITE_RECURSION = YES;
				CLANG_WARN_INT_CONVERSION = YES;
				CLANG_WARN_NON_LITERAL_NULL_CONVERSION = YES;
				CLANG_WARN_OBJC_IMPLICIT_RETAIN_SELF = YES;
				CLANG_WARN_OBJC_LITERAL_CONVERSION = YES;
				CLANG_WARN_OBJC_ROOT_CLASS = YES_ERROR;
				CLANG_WARN_QUOTED_INCLUDE_IN_FRAMEWORK_HEADER = YES;
				CLANG_WARN_RANGE_LOOP_ANALYSIS = YES;
				CLANG_WARN_STRICT_PROTOTYPES = YES;
				CLANG_WARN_SUSPICIOUS_MOVE = YES;
				CLANG_WARN_UNGUARDED_AVAILABILITY = YES_AGGRESSIVE;
				CLANG_WARN_UNREACHABLE_CODE = YES;
				CLANG_WARN__DUPLICATE_METHOD_MATCH = YES;
				COPY_PHASE_STRIP = NO;
				DEBUG_INFORMATION_FORMAT = dwarf;
				ENABLE_STRICT_OBJC_MSGSEND = YES;
				ENABLE_TESTABILITY = YES;
				ENABLE_USER_SCRIPT_SANDBOXING = YES;
				GCC_C_LANGUAGE_STANDARD = gnu17;
				GCC_DYNAMIC_NO_PIC = NO;
				GCC_NO_COMMON_BLOCKS = YES;
				GCC_OPTIMIZATION_LEVEL = 0;
				GCC_PREPROCESSOR_DEFINITIONS = (
					"DEBUG=1",
					"$(inherited)",
				);
				GCC_WARN_64_TO_32_BIT_CONVERSION = YES;
				GCC_WARN_ABOUT_RETURN_TYPE = YES_ERROR;
				GCC_WARN_UNDECLARED_SELECTOR = YES;
				GCC_WARN_UNINITIALIZED_AUTOS = YES_AGGRESSIVE;
				GCC_WARN_UNUSED_FUNCTION = YES;
				GCC_WARN_UNUSED_VARIABLE = YES;
				LOCALIZATION_PREFERS_STRING_CATALOGS = YES;
				MTL_ENABLE_DEBUG_INFO = INCLUDE_SOURCE;
				MTL_FAST_MATH = YES;
				ONLY_ACTIVE_ARCH = YES;
				SWIFT_ACTIVE_COMPILATION_CONDITIONS = "DEBUG $(inherited)";
				SWIFT_OPTIMIZATION_LEVEL = "-Onone";
			};
			name = Debug;
		};
		184E9D4C2E5C474E003B03D3 /* Release */ = {
			isa = XCBuildConfiguration;
			buildSettings = {
				ALWAYS_SEARCH_USER_PATHS = NO;
				ASSETCATALOG_COMPILER_GENERATE_SWIFT_ASSET_SYMBOL_EXTENSIONS = YES;
				CLANG_ANALYZER_NONNULL = YES;
				CLANG_ANALYZER_NUMBER_OBJECT_CONVERSION = YES_AGGRESSIVE;
				CLANG_CXX_LANGUAGE_STANDARD = "gnu++20";
				CLANG_ENABLE_MODULES = YES;
				CLANG_ENABLE_OBJC_ARC = YES;
				CLANG_ENABLE_OBJC_WEAK = YES;
				CLANG_WARN_BLOCK_CAPTURE_AUTORELEASING = YES;
				CLANG_WARN_BOOL_CONVERSION = YES;
				CLANG_WARN_COMMA = YES;
				CLANG_WARN_CONSTANT_CONVERSION = YES;
				CLANG_WARN_DEPRECATED_OBJC_IMPLEMENTATIONS = YES;
				CLANG_WARN_DIRECT_OBJC_ISA_USAGE = YES_ERROR;
				CLANG_WARN_DOCUMENTATION_COMMENTS = YES;
				CLANG_WARN_EMPTY_BODY = YES;
				CLANG_WARN_ENUM_CONVERSION = YES;
				CLANG_WARN_INFINITE_RECURSION = YES;
				CLANG_WARN_INT_CONVERSION = YES;
				CLANG_WARN_NON_LITERAL_NULL_CONVERSION = YES;
				CLANG_WARN_OBJC_IMPLICIT_RETAIN_SELF = YES;
				CLANG_WARN_OBJC_LITERAL_CONVERSION = YES;
				CLANG_WARN_OBJC_ROOT_CLASS = YES_ERROR;
				CLANG_WARN_QUOTED_INCLUDE_IN_FRAMEWORK_HEADER = YES;
				CLANG_WARN_RANGE_LOOP_ANALYSIS = YES;
				CLANG_WARN_STRICT_PROTOTYPES = YES;
				CLANG_WARN_SUSPICIOUS_MOVE = YES;
				CLANG_WARN_UNGUARDED_AVAILABILITY = YES_AGGRESSIVE;
				CLANG_WARN_UNREACHABLE_CODE = YES;
				CLANG_WARN__DUPLICATE_METHOD_MATCH = YES;
				COPY_PHASE_STRIP = NO;
				DEBUG_INFORMATION_FORMAT = "dwarf-with-dsym";
				ENABLE_NS_ASSERTIONS = NO;
				ENABLE_STRICT_OBJC_MSGSEND = YES;
				ENABLE_USER_SCRIPT_SANDBOXING = YES;
				GCC_C_LANGUAGE_STANDARD = gnu17;
				GCC_NO_COMMON_BLOCKS = YES;
				GCC_WARN_64_TO_32_BIT_CONVERSION = YES;
				GCC_WARN_ABOUT_RETURN_TYPE = YES_ERROR;
				GCC_WARN_UNDECLARED_SELECTOR = YES;
				GCC_WARN_UNINITIALIZED_AUTOS = YES_AGGRESSIVE;
				GCC_WARN_UNUSED_FUNCTION = YES;
				GCC_WARN_UNUSED_VARIABLE = YES;
				LOCALIZATION_PREFERS_STRING_CATALOGS = YES;
				MTL_ENABLE_DEBUG_INFO = NO;
				MTL_FAST_MATH = YES;
				SWIFT_COMPILATION_MODE = wholemodule;
			};
			name = Release;
		};
		184E9D4E2E5C474E003B03D3 /* Debug */ = {
			isa = XCBuildConfiguration;
			buildSettings = {
				ASSETCATALOG_COMPILER_APPICON_NAME = AppIcon;
				ASSETCATALOG_COMPILER_GLOBAL_ACCENT_COLOR_NAME = AccentColor;
				CODE_SIGN_ENTITLEMENTS = UICollectionViewControllerCash/UICollectionViewControllerCash.entitlements;
				CODE_SIGN_STYLE = Automatic;
				CURRENT_PROJECT_VERSION = 1;
				DEVELOPMENT_ASSET_PATHS = "\"UICollectionViewControllerCash/Preview Content\"";
				DEVELOPMENT_TEAM = 36Z8VP4JN8;
				ENABLE_HARDENED_RUNTIME = YES;
				ENABLE_PREVIEWS = YES;
				GENERATE_INFOPLIST_FILE = YES;
				"INFOPLIST_KEY_UIApplicationSceneManifest_Generation[sdk=iphoneos*]" = YES;
				"INFOPLIST_KEY_UIApplicationSceneManifest_Generation[sdk=iphonesimulator*]" = YES;
				"INFOPLIST_KEY_UIApplicationSupportsIndirectInputEvents[sdk=iphoneos*]" = YES;
				"INFOPLIST_KEY_UIApplicationSupportsIndirectInputEvents[sdk=iphonesimulator*]" = YES;
				"INFOPLIST_KEY_UILaunchScreen_Generation[sdk=iphoneos*]" = YES;
				"INFOPLIST_KEY_UILaunchScreen_Generation[sdk=iphonesimulator*]" = YES;
				"INFOPLIST_KEY_UIStatusBarStyle[sdk=iphoneos*]" = UIStatusBarStyleDefault;
				"INFOPLIST_KEY_UIStatusBarStyle[sdk=iphonesimulator*]" = UIStatusBarStyleDefault;
				INFOPLIST_KEY_UISupportedInterfaceOrientations_iPad = "UIInterfaceOrientationPortrait UIInterfaceOrientationPortraitUpsideDown UIInterfaceOrientationLandscapeLeft UIInterfaceOrientationLandscapeRight";
				INFOPLIST_KEY_UISupportedInterfaceOrientations_iPhone = "UIInterfaceOrientationPortrait UIInterfaceOrientationLandscapeLeft UIInterfaceOrientationLandscapeRight";
				IPHONEOS_DEPLOYMENT_TARGET = 18.2;
				LD_RUNPATH_SEARCH_PATHS = "@executable_path/Frameworks";
				"LD_RUNPATH_SEARCH_PATHS[sdk=macosx*]" = "@executable_path/../Frameworks";
				MACOSX_DEPLOYMENT_TARGET = 15.0;
				MARKETING_VERSION = 1.0;
				PRODUCT_BUNDLE_IDENTIFIER = "boad-system.UICollectionViewControllerCash";
				PRODUCT_NAME = "$(TARGET_NAME)";
				SDKROOT = auto;
				SUPPORTED_PLATFORMS = "iphoneos iphonesimulator macosx xros xrsimulator";
				SWIFT_EMIT_LOC_STRINGS = YES;
				SWIFT_VERSION = 5.0;
				TARGETED_DEVICE_FAMILY = "1,2,7";
				XROS_DEPLOYMENT_TARGET = 2.2;
			};
			name = Debug;
		};
		184E9D4F2E5C474E003B03D3 /* Release */ = {
			isa = XCBuildConfiguration;
			buildSettings = {
				ASSETCATALOG_COMPILER_APPICON_NAME = AppIcon;
				ASSETCATALOG_COMPILER_GLOBAL_ACCENT_COLOR_NAME = AccentColor;
				CODE_SIGN_ENTITLEMENTS = UICollectionViewControllerCash/UICollectionViewControllerCash.entitlements;
				CODE_SIGN_STYLE = Automatic;
				CURRENT_PROJECT_VERSION = 1;
				DEVELOPMENT_ASSET_PATHS = "\"UICollectionViewControllerCash/Preview Content\"";
				DEVELOPMENT_TEAM = 36Z8VP4JN8;
				ENABLE_HARDENED_RUNTIME = YES;
				ENABLE_PREVIEWS = YES;
				GENERATE_INFOPLIST_FILE = YES;
				"INFOPLIST_KEY_UIApplicationSceneManifest_Generation[sdk=iphoneos*]" = YES;
				"INFOPLIST_KEY_UIApplicationSceneManifest_Generation[sdk=iphonesimulator*]" = YES;
				"INFOPLIST_KEY_UIApplicationSupportsIndirectInputEvents[sdk=iphoneos*]" = YES;
				"INFOPLIST_KEY_UIApplicationSupportsIndirectInputEvents[sdk=iphonesimulator*]" = YES;
				"INFOPLIST_KEY_UILaunchScreen_Generation[sdk=iphoneos*]" = YES;
				"INFOPLIST_KEY_UILaunchScreen_Generation[sdk=iphonesimulator*]" = YES;
				"INFOPLIST_KEY_UIStatusBarStyle[sdk=iphoneos*]" = UIStatusBarStyleDefault;
				"INFOPLIST_KEY_UIStatusBarStyle[sdk=iphonesimulator*]" = UIStatusBarStyleDefault;
				INFOPLIST_KEY_UISupportedInterfaceOrientations_iPad = "UIInterfaceOrientationPortrait UIInterfaceOrientationPortraitUpsideDown UIInterfaceOrientationLandscapeLeft UIInterfaceOrientationLandscapeRight";
				INFOPLIST_KEY_UISupportedInterfaceOrientations_iPhone = "UIInterfaceOrientationPortrait UIInterfaceOrientationLandscapeLeft UIInterfaceOrientationLandscapeRight";
				IPHONEOS_DEPLOYMENT_TARGET = 18.2;
				LD_RUNPATH_SEARCH_PATHS = "@executable_path/Frameworks";
				"LD_RUNPATH_SEARCH_PATHS[sdk=macosx*]" = "@executable_path/../Frameworks";
				MACOSX_DEPLOYMENT_TARGET = 15.0;
				MARKETING_VERSION = 1.0;
				PRODUCT_BUNDLE_IDENTIFIER = "boad-system.UICollectionViewControllerCash";
				PRODUCT_NAME = "$(TARGET_NAME)";
				SDKROOT = auto;
				SUPPORTED_PLATFORMS = "iphoneos iphonesimulator macosx xros xrsimulator";
				SWIFT_EMIT_LOC_STRINGS = YES;
				SWIFT_VERSION = 5.0;
				TARGETED_DEVICE_FAMILY = "1,2,7";
				XROS_DEPLOYMENT_TARGET = 2.2;
			};
			name = Release;
		};
		184E9D512E5C474E003B03D3 /* Debug */ = {
			isa = XCBuildConfiguration;
			buildSettings = {
				BUNDLE_LOADER = "$(TEST_HOST)";
				CODE_SIGN_STYLE = Automatic;
				CURRENT_PROJECT_VERSION = 1;
				DEVELOPMENT_TEAM = 36Z8VP4JN8;
				GENERATE_INFOPLIST_FILE = YES;
				IPHONEOS_DEPLOYMENT_TARGET = 18.2;
				MACOSX_DEPLOYMENT_TARGET = 15.0;
				MARKETING_VERSION = 1.0;
				PRODUCT_BUNDLE_IDENTIFIER = "boad-system.UICollectionViewControllerCashTests";
				PRODUCT_NAME = "$(TARGET_NAME)";
				SDKROOT = auto;
				SUPPORTED_PLATFORMS = "iphoneos iphonesimulator macosx xros xrsimulator";
				SWIFT_EMIT_LOC_STRINGS = NO;
				SWIFT_VERSION = 5.0;
				TARGETED_DEVICE_FAMILY = "1,2,7";
				TEST_HOST = "$(BUILT_PRODUCTS_DIR)/UICollectionViewControllerCash.app/$(BUNDLE_EXECUTABLE_FOLDER_PATH)/UICollectionViewControllerCash";
				XROS_DEPLOYMENT_TARGET = 2.2;
			};
			name = Debug;
		};
		184E9D522E5C474E003B03D3 /* Release */ = {
			isa = XCBuildConfiguration;
			buildSettings = {
				BUNDLE_LOADER = "$(TEST_HOST)";
				CODE_SIGN_STYLE = Automatic;
				CURRENT_PROJECT_VERSION = 1;
				DEVELOPMENT_TEAM = 36Z8VP4JN8;
				GENERATE_INFOPLIST_FILE = YES;
				IPHONEOS_DEPLOYMENT_TARGET = 18.2;
				MACOSX_DEPLOYMENT_TARGET = 15.0;
				MARKETING_VERSION = 1.0;
				PRODUCT_BUNDLE_IDENTIFIER = "boad-system.UICollectionViewControllerCashTests";
				PRODUCT_NAME = "$(TARGET_NAME)";
				SDKROOT = auto;
				SUPPORTED_PLATFORMS = "iphoneos iphonesimulator macosx xros xrsimulator";
				SWIFT_EMIT_LOC_STRINGS = NO;
				SWIFT_VERSION = 5.0;
				TARGETED_DEVICE_FAMILY = "1,2,7";
				TEST_HOST = "$(BUILT_PRODUCTS_DIR)/UICollectionViewControllerCash.app/$(BUNDLE_EXECUTABLE_FOLDER_PATH)/UICollectionViewControllerCash";
				XROS_DEPLOYMENT_TARGET = 2.2;
			};
			name = Release;
		};
		184E9D542E5C474E003B03D3 /* Debug */ = {
			isa = XCBuildConfiguration;
			buildSettings = {
				CODE_SIGN_STYLE = Automatic;
				CURRENT_PROJECT_VERSION = 1;
				DEVELOPMENT_TEAM = 36Z8VP4JN8;
				GENERATE_INFOPLIST_FILE = YES;
				IPHONEOS_DEPLOYMENT_TARGET = 18.2;
				MACOSX_DEPLOYMENT_TARGET = 15.0;
				MARKETING_VERSION = 1.0;
				PRODUCT_BUNDLE_IDENTIFIER = "boad-system.UICollectionViewControllerCashUITests";
				PRODUCT_NAME = "$(TARGET_NAME)";
				SDKROOT = auto;
				SUPPORTED_PLATFORMS = "iphoneos iphonesimulator macosx xros xrsimulator";
				SWIFT_EMIT_LOC_STRINGS = NO;
				SWIFT_VERSION = 5.0;
				TARGETED_DEVICE_FAMILY = "1,2,7";
				TEST_TARGET_NAME = UICollectionViewControllerCash;
				XROS_DEPLOYMENT_TARGET = 2.2;
			};
			name = Debug;
		};
		184E9D552E5C474E003B03D3 /* Release */ = {
			isa = XCBuildConfiguration;
			buildSettings = {
				CODE_SIGN_STYLE = Automatic;
				CURRENT_PROJECT_VERSION = 1;
				DEVELOPMENT_TEAM = 36Z8VP4JN8;
				GENERATE_INFOPLIST_FILE = YES;
				IPHONEOS_DEPLOYMENT_TARGET = 18.2;
				MACOSX_DEPLOYMENT_TARGET = 15.0;
				MARKETING_VERSION = 1.0;
				PRODUCT_BUNDLE_IDENTIFIER = "boad-system.UICollectionViewControllerCashUITests";
				PRODUCT_NAME = "$(TARGET_NAME)";
				SDKROOT = auto;
				SUPPORTED_PLATFORMS = "iphoneos iphonesimulator macosx xros xrsimulator";
				SWIFT_EMIT_LOC_STRINGS = NO;
				SWIFT_VERSION = 5.0;
				TARGETED_DEVICE_FAMILY = "1,2,7";
				TEST_TARGET_NAME = UICollectionViewControllerCash;
				XROS_DEPLOYMENT_TARGET = 2.2;
			};
			name = Release;
		};
/* End XCBuildConfiguration section */

/* Begin XCConfigurationList section */
		184E9D1E2E5C474C003B03D3 /* Build configuration list for PBXProject "UICollectionViewControllerCash" */ = {
			isa = XCConfigurationList;
			buildConfigurations = (
				184E9D4B2E5C474E003B03D3 /* Debug */,
				184E9D4C2E5C474E003B03D3 /* Release */,
			);
			defaultConfigurationIsVisible = 0;
			defaultConfigurationName = Release;
		};
		184E9D4D2E5C474E003B03D3 /* Build configuration list for PBXNativeTarget "UICollectionViewControllerCash" */ = {
			isa = XCConfigurationList;
			buildConfigurations = (
				184E9D4E2E5C474E003B03D3 /* Debug */,
				184E9D4F2E5C474E003B03D3 /* Release */,
			);
			defaultConfigurationIsVisible = 0;
			defaultConfigurationName = Release;
		};
		184E9D502E5C474E003B03D3 /* Build configuration list for PBXNativeTarget "UICollectionViewControllerCashTests" */ = {
			isa = XCConfigurationList;
			buildConfigurations = (
				184E9D512E5C474E003B03D3 /* Debug */,
				184E9D522E5C474E003B03D3 /* Release */,
			);
			defaultConfigurationIsVisible = 0;
			defaultConfigurationName = Release;
		};
		184E9D532E5C474E003B03D3 /* Build configuration list for PBXNativeTarget "UICollectionViewControllerCashUITests" */ = {
			isa = XCConfigurationList;
			buildConfigurations = (
				184E9D542E5C474E003B03D3 /* Debug */,
				184E9D552E5C474E003B03D3 /* Release */,
			);
			defaultConfigurationIsVisible = 0;
			defaultConfigurationName = Release;
		};
/* End XCConfigurationList section */

/* Begin XCVersionGroup section */
		184E9D2A2E5C474C003B03D3 /* UICollectionViewControllerCash.xcdatamodeld */ = {
			isa = XCVersionGroup;
			children = (
				184E9D2B2E5C474C003B03D3 /* UICollectionViewControllerCash.xcdatamodel */,
			);
			currentVersion = 184E9D2B2E5C474C003B03D3 /* UICollectionViewControllerCash.xcdatamodel */;
			path = UICollectionViewControllerCash.xcdatamodeld;
			sourceTree = "<group>";
			versionGroupType = wrapper.xcdatamodel;
		};
/* End XCVersionGroup section */
	};
	rootObject = 184E9D1B2E5C474C003B03D3 /* Project object */;
}
